
Microsoft Visual Studio Solution File, Format Version 12.00
# Visual Studio Version 17
VisualStudioVersion = 17.3.32811.315
MinimumVisualStudioVersion = 10.0.40219.1
Project("{8BC9CEB8-8B4A-11D0-8D11-00A0C91BC942}") = "Ex-1", "Ex-1\Ex-1.vcxproj", "{57187E89-AA54-4638-8D0E-B9B0A635E040}"
EndProject
Global
	GlobalSection(SolutionConfigurationPlatforms) = preSolution
		Debug|x64 = Debug|x64
		Debug|x86 = Debug|x86
		Release|x64 = Release|x64
		Release|x86 = Release|x86
	EndGlobalSection
	GlobalSection(ProjectConfigurationPlatforms) = postSolution
		{57187E89-AA54-4638-8D0E-B9B0A635E040}.Debug|x64.ActiveCfg = Debug|x64
		{57187E89-AA54-4638-8D0E-B9B0A635E040}.Debug|x64.Build.0 = Debug|x64
		{57187E89-AA54-4638-8D0E-B9B0A635E040}.Debug|x86.ActiveCfg = Debug|Win32
		{57187E89-AA54-4638-8D0E-B9B0A635E040}.Debug|x86.Build.0 = Debug|Win32
		{57187E89-AA54-4638-8D0E-B9B0A635E040}.Release|x64.ActiveCfg = Release|x64
		{57187E89-AA54-4638-8D0E-B9B0A635E040}.Release|x64.Build.0 = Release|x64
		{57187E89-AA54-4638-8D0E-B9B0A635E040}.Release|x86.ActiveCfg = Release|Win32
		{57187E89-AA54-4638-8D0E-B9B0A635E040}.Release|x86.Build.0 = Release|Win32
	EndGlobalSection
	GlobalSection(SolutionProperties) = preSolution
		HideSolutionNode = FALSE
	EndGlobalSection
	GlobalSection(ExtensibilityGlobals) = postSolution
		SolutionGuid = {E8AFE9B5-2E66-4236-975B-BD16FC0C0D6B}
	EndGlobalSection
EndGlobal
