
Microsoft Visual Studio Solution File, Format Version 12.00
# Visual Studio Version 17
VisualStudioVersion = 17.3.32811.315
MinimumVisualStudioVersion = 10.0.40219.1
Project("{8BC9CEB8-8B4A-11D0-8D11-00A0C91BC942}") = "Ex_3", "Ex_3\Ex_3.vcxproj", "{D64011FD-AFD2-4FDF-926A-281F2049FD5F}"
EndProject
Global
	GlobalSection(SolutionConfigurationPlatforms) = preSolution
		Debug|x64 = Debug|x64
		Debug|x86 = Debug|x86
		Release|x64 = Release|x64
		Release|x86 = Release|x86
	EndGlobalSection
	GlobalSection(ProjectConfigurationPlatforms) = postSolution
		{D64011FD-AFD2-4FDF-926A-281F2049FD5F}.Debug|x64.ActiveCfg = Debug|x64
		{D64011FD-AFD2-4FDF-926A-281F2049FD5F}.Debug|x64.Build.0 = Debug|x64
		{D64011FD-AFD2-4FDF-926A-281F2049FD5F}.Debug|x86.ActiveCfg = Debug|Win32
		{D64011FD-AFD2-4FDF-926A-281F2049FD5F}.Debug|x86.Build.0 = Debug|Win32
		{D64011FD-AFD2-4FDF-926A-281F2049FD5F}.Release|x64.ActiveCfg = Release|x64
		{D64011FD-AFD2-4FDF-926A-281F2049FD5F}.Release|x64.Build.0 = Release|x64
		{D64011FD-AFD2-4FDF-926A-281F2049FD5F}.Release|x86.ActiveCfg = Release|Win32
		{D64011FD-AFD2-4FDF-926A-281F2049FD5F}.Release|x86.Build.0 = Release|Win32
	EndGlobalSection
	GlobalSection(SolutionProperties) = preSolution
		HideSolutionNode = FALSE
	EndGlobalSection
	GlobalSection(ExtensibilityGlobals) = postSolution
		SolutionGuid = {30220066-2BA8-4884-BC00-5A70ECBA553B}
	EndGlobalSection
EndGlobal
